# This file is automatically @generated by Cargo.
# It is not intended for manual editing.
version = 4

[[package]]
name = "bench-harness"
version = "0.1.0"

[[package]]
name = "bitflags"
version = "2.13.2"
source = "registry+https://github.com/rust-lang/crates.io-index"
checksum = "3ded4057c258ba199e2d26386d3af3780957ecaee6c4ef4041c6b4b8b97c0b06"

[[package]]
name = "block2"
version = "0.6.2"
source = "registry+https://github.com/rust-lang/crates.io-index"
checksum = "cdeb9d870516001442e364c5220d3574d2da8dc765554b4a617230d33fa58ef5"
dependencies = [
 "objc2",
]

[[package]]
name = "cc"
version = "1.6.0"
source = "registry+https://github.com/rust-lang/crates.io-index"
checksum = "f74872d07caf508b30a21f6836e7d7016a2eaf7d9ff4f48deaa58cd8a0407630"
dependencies = [
 "find-msvc-tools",
 "shlex",
]

[[package]]
name = "dispatch2"
version = "0.3.1"
source = "registry+https://github.com/rust-lang/crates.io-index"
checksum = "1e0e367e4e7da84520dedcac1901e4da967309406d1e51017ae1abfb97adbd38"
dependencies = [
 "bitflags",
 "objc2",
]

[[package]]
name = "find-msvc-tools"
version = "0.1.14"
source = "registry+https://github.com/rust-lang/crates.io-index"
checksum = "aedcfb3409746eddb02b9e19ebda1c3394f759a152e48ee875a0844d1b955484"

[[package]]
name = "framework-abi"
version = "0.1.0"
dependencies = [
 "framework-core",
]

[[package]]
name = "framework-accessory"
version = "0.1.0"

[[package]]
name = "framework-alloc"
version = "0.1.0"
dependencies = [
 "framework-core",
]

[[package]]
name = "framework-app"
version = "0.1.0"
dependencies = [
 "framework-core",
]

[[package]]
name = "framework-async"
version = "0.1.0"
dependencies = [
 "framework-core",
]

[[package]]
name = "framework-audio"
version = "0.1.0"

[[package]]
name = "framework-auth"
version = "0.1.0"
dependencies = [
 "framework-core",
]

[[package]]
name = "framework-background"
version = "0.1.0"
dependencies = [
 "framework-core",
]

[[package]]
name = "framework-background-execution"
version = "0.1.0"
dependencies = [
 "framework-core",
]

[[package]]
name = "framework-bluetooth"
version = "0.1.0"

[[package]]
name = "framework-c-api"
version = "0.1.0"
dependencies = [
 "framework-abi",
 "framework-core",
 "framework-files",
 "framework-game",
 "framework-key-support",
 "framework-location",
 "framework-maps",
 "framework-media",
 "framework-network",
 "framework-notifications",
 "framework-preferences",
 "framework-secure-storage",
 "framework-sharing",
 "framework-spritekit",
 "framework-transfer",
 "ios-accelerate",
 "ios-call-observer",
 "ios-camera-device-status",
 "ios-core-ml-status",
 "ios-crypto",
 "ios-extension-support",
 "ios-file-provider",
 "ios-game",
 "ios-key-support",
 "ios-location",
 "ios-maps",
 "ios-media",
 "ios-media-library-status",
 "ios-modelio-status",
 "ios-mps-status",
 "ios-natural-language-status",
 "ios-preferences",
 "ios-proximity-reader",
 "ios-roomplan",
 "ios-runtime",
 "ios-secure-storage",
 "ios-sharing",
 "ios-sign-in-with-apple-status",
 "ios-speech-status",
 "ios-spritekit",
 "ios-storekit2-status",
 "ios-system-services",
 "ios-transfer",
 "ios-vision",
 "objc2",
 "objc2-core-foundation",
 "objc2-foundation",
 "objc2-ui-kit",
]

[[package]]
name = "framework-calendar"
version = "0.1.0"
dependencies = [
 "framework-core",
]

[[package]]
name = "framework-cloud"
version = "0.1.0"
dependencies = [
 "framework-core",
]

[[package]]
name = "framework-connection"
version = "0.1.0"

[[package]]
name = "framework-connectivity"
version = "0.1.0"
dependencies = [
 "framework-core",
]

[[package]]
name = "framework-contacts"
version = "0.1.0"
dependencies = [
 "framework-core",
]

[[package]]
name = "framework-core"
version = "0.1.0"

[[package]]
name = "framework-data"
version = "0.1.0"

[[package]]
name = "framework-device-integrity"
version = "0.1.0"

[[package]]
name = "framework-files"
version = "0.1.0"
dependencies = [
 "framework-core",
]

[[package]]
name = "framework-format"
version = "0.1.0"
dependencies = [
 "framework-core",
 "iri-string",
]

[[package]]
name = "framework-game"
version = "0.1.0"
dependencies = [
 "framework-core",
]

[[package]]
name = "framework-health-authorization"
version = "0.1.0"
dependencies = [
 "framework-core",
]

[[package]]
name = "framework-image"
version = "0.1.0"
dependencies = [
 "framework-core",
]

[[package]]
name = "framework-key-support"
version = "0.1.0"
dependencies = [
 "framework-core",
]

[[package]]
name = "framework-location"
version = "0.1.0"
dependencies = [
 "framework-core",
]

[[package]]
name = "framework-maps"
version = "0.1.0"

[[package]]
name = "framework-media"
version = "0.1.0"

[[package]]
name = "framework-media-authorization"
version = "0.1.0"

[[package]]
name = "framework-metal"
version = "0.1.0"

[[package]]
name = "framework-motion"
version = "0.1.0"
dependencies = [
 "framework-core",
]

[[package]]
name = "framework-nearby"
version = "0.1.0"

[[package]]
name = "framework-network"
version = "0.1.0"
dependencies = [
 "framework-core",
]

[[package]]
name = "framework-nfc"
version = "0.1.0"
dependencies = [
 "framework-core",
]

[[package]]
name = "framework-notifications"
version = "0.1.0"
dependencies = [
 "framework-core",
]

[[package]]
name = "framework-payments"
version = "0.1.0"
dependencies = [
 "objc2",
 "objc2-pass-kit",
]

[[package]]
name = "framework-photos"
version = "0.1.0"

[[package]]
name = "framework-platform"
version = "0.1.0"
dependencies = [
 "framework-core",
]

[[package]]
name = "framework-preferences"
version = "0.1.0"
dependencies = [
 "framework-core",
]

[[package]]
name = "framework-resources"
version = "0.1.0"
dependencies = [
 "framework-core",
]

[[package]]
name = "framework-roomplan"
version = "0.1.0"

[[package]]
name = "framework-secure-storage"
version = "0.1.0"
dependencies = [
 "framework-core",
]

[[package]]
name = "framework-sharing"
version = "0.1.0"
dependencies = [
 "framework-core",
]

[[package]]
name = "framework-spritekit"
version = "0.1.0"
dependencies = [
 "framework-core",
]

[[package]]
name = "framework-transfer"
version = "0.1.0"
dependencies = [
 "framework-core",
 "framework-files",
 "framework-network",
]

[[package]]
name = "framework-ui"
version = "0.1.0"
dependencies = [
 "framework-core",
]

[[package]]
name = "framework-vision"
version = "0.1.0"

[[package]]
name = "framework-vpn"
version = "0.1.0"

[[package]]
name = "framework-watch-connectivity"
version = "0.1.0"

[[package]]
name = "framework-web"
version = "0.1.0"
dependencies = [
 "framework-core",
 "framework-format",
]

[[package]]
name = "ios-accelerate"
version = "0.1.0"

[[package]]
name = "ios-accessibility"
version = "0.1.0"
dependencies = [
 "ios-runtime",
 "objc2",
 "objc2-core-foundation",
 "objc2-foundation",
 "objc2-ui-kit",
]

[[package]]
name = "ios-accessory"
version = "0.1.0"
dependencies = [
 "framework-accessory",
 "objc2-external-accessory",
]

[[package]]
name = "ios-accessory-setup-status"
version = "0.1.0"
dependencies = [
 "block2",
 "dispatch2",
 "objc2",
 "objc2-accessory-setup-kit",
 "objc2-foundation",
]

[[package]]
name = "ios-activitykit-status"
version = "0.1.0"
dependencies = [
 "ios-native-build-support",
 "swift-abi-core",
]

[[package]]
name = "ios-ad-attribution-status"
version = "0.1.0"

[[package]]
name = "ios-alarmkit-status"
version = "0.1.0"
dependencies = [
 "ios-native-build-support",
 "swift-abi-core",
]

[[package]]
name = "ios-app-scenes"
version = "0.1.0"
dependencies = [
 "ios-runtime",
 "objc2-foundation",
 "objc2-ui-kit",
]

[[package]]
name = "ios-auth"
version = "0.1.0"
dependencies = [
 "block2",
 "framework-auth",
 "framework-core",
 "objc2",
 "objc2-app-tracking-transparency",
 "objc2-foundation",
 "objc2-local-authentication",
]

[[package]]
name = "ios-background-assets"
version = "0.1.0"
dependencies = [
 "block2",
 "objc2",
 "objc2-background-assets",
 "objc2-foundation",
]

[[package]]
name = "ios-background-execution"
version = "0.1.0"
dependencies = [
 "block2",
 "framework-background-execution",
 "ios-runtime",
 "objc2",
 "objc2-ui-kit",
]

[[package]]
name = "ios-background-tasks"
version = "0.1.0"
dependencies = [
 "block2",
 "framework-background",
 "framework-core",
 "objc2",
 "objc2-background-tasks",
 "objc2-foundation",
]

[[package]]
name = "ios-bluetooth"
version = "0.1.0"
dependencies = [
 "framework-bluetooth",
 "objc2",
 "objc2-core-bluetooth",
 "objc2-foundation",
]

[[package]]
name = "ios-browser"
version = "0.1.0"
dependencies = [
 "block2",
 "framework-format",
 "ios-runtime",
 "objc2",
 "objc2-foundation",
 "objc2-ui-kit",
]

[[package]]
name = "ios-calendar"
version = "0.1.0"
dependencies = [
 "block2",
 "framework-calendar",
 "framework-core",
 "objc2",
 "objc2-event-kit",
 "objc2-foundation",
]

[[package]]
name = "ios-call-observer"
version = "0.1.0"
dependencies = [
 "objc2-call-kit",
]

[[package]]
name = "ios-camera-device-status"
version = "0.1.0"
dependencies = [
 "objc2",
 "objc2-av-foundation",
]

[[package]]
name = "ios-cloud"
version = "0.1.0"
dependencies = [
 "block2",
 "framework-cloud",
 "framework-core",
 "objc2",
 "objc2-cloud-kit",
 "objc2-foundation",
]

[[package]]
name = "ios-connection"
version = "0.1.0"
dependencies = [
 "cc",
 "framework-connection",
]

[[package]]
name = "ios-connectivity"
version = "0.1.0"
dependencies = [
 "cc",
 "framework-connectivity",
 "framework-core",
]

[[package]]
name = "ios-contacts"
version = "0.1.0"
dependencies = [
 "block2",
 "framework-contacts",
 "framework-core",
 "objc2",
 "objc2-contacts",
 "objc2-foundation",
]

[[package]]
name = "ios-core-ml-status"
version = "0.1.0"
dependencies = [
 "objc2",
 "objc2-core-ml",
]

[[package]]
name = "ios-crypto"
version = "0.1.0"

[[package]]
name = "ios-data"
version = "0.1.0"
dependencies = [
 "framework-data",
 "objc2-core-foundation",
]

[[package]]
name = "ios-device-integrity"
version = "0.1.0"
dependencies = [
 "framework-device-integrity",
 "objc2",
 "objc2-device-check",
]

[[package]]
name = "ios-dockkit-status"
version = "0.1.0"
dependencies = [
 "swift-abi-core",
]

[[package]]
name = "ios-extension-support"
version = "0.1.0"
dependencies = [
 "objc2",
 "objc2-foundation",
]

[[package]]
name = "ios-family-controls-status"
version = "0.1.0"

[[package]]
name = "ios-file-provider"
version = "0.1.0"
dependencies = [
 "block2",
 "objc2",
 "objc2-file-provider",
 "objc2-foundation",
]

[[package]]
name = "ios-files"
version = "0.1.0"
dependencies = [
 "block2",
 "framework-core",
 "framework-files",
 "ios-runtime",
 "libc",
 "objc2",
 "objc2-foundation",
]

[[package]]
name = "ios-foundation-models-status"
version = "0.1.0"
dependencies = [
 "swift-abi-core",
]

[[package]]
name = "ios-game"
version = "0.1.0"
dependencies = [
 "framework-core",
 "framework-game",
 "objc2-game-kit",
]

[[package]]
name = "ios-health-authorization"
version = "0.1.0"
dependencies = [
 "block2",
 "framework-core",
 "framework-health-authorization",
 "objc2",
 "objc2-foundation",
 "objc2-health-kit",
]

[[package]]
name = "ios-homekit-accessory-profile-count"
version = "0.1.0"
dependencies = [
 "objc2",
 "objc2-home-kit",
]

[[package]]
name = "ios-homekit-category-description"
version = "0.1.0"
dependencies = [
 "objc2",
 "objc2-home-kit",
]

[[package]]
name = "ios-homekit-category-type"
version = "0.1.0"
dependencies = [
 "objc2",
 "objc2-home-kit",
]

[[package]]
name = "ios-homekit-identify-status"
version = "0.1.0"
dependencies = [
 "objc2",
 "objc2-home-kit",
]

[[package]]
name = "ios-homekit-setup-result-count"
version = "0.1.0"
dependencies = [
 "objc2",
 "objc2-home-kit",
]

[[package]]
name = "ios-image-io"
version = "0.1.0"
dependencies = [
 "framework-core",
 "framework-image",
 "objc2-core-foundation",
 "objc2-image-io",
]

[[package]]
name = "ios-key-support"
version = "0.1.0"
dependencies = [
 "framework-core",
 "framework-key-support",
 "objc2-core-foundation",
 "objc2-security",
]

[[package]]
name = "ios-location"
version = "0.1.0"
dependencies = [
 "framework-core",
 "framework-location",
 "objc2",
 "objc2-core-location",
 "objc2-foundation",
]

[[package]]
name = "ios-maps"
version = "0.1.0"
dependencies = [
 "framework-maps",
 "objc2",
 "objc2-ar-kit",
 "objc2-core-location",
 "objc2-map-kit",
]

[[package]]
name = "ios-matter-support-status"
version = "0.1.0"

[[package]]
name = "ios-media"
version = "0.1.0"
dependencies = [
 "framework-media",
 "objc2",
 "objc2-avf-audio",
 "objc2-core-media",
 "objc2-video-toolbox",
]

[[package]]
name = "ios-media-authorization"
version = "0.1.0"
dependencies = [
 "framework-media-authorization",
 "objc2-av-foundation",
]

[[package]]
name = "ios-media-library-status"
version = "0.1.0"
dependencies = [
 "objc2-media-player",
]

[[package]]
name = "ios-message-ui-support"
version = "0.1.0"
dependencies = [
 "objc2",
 "objc2-message-ui",
]

[[package]]
name = "ios-metal"
version = "0.1.0"
dependencies = [
 "framework-metal",
 "objc2-core-graphics",
 "objc2-metal",
]

[[package]]
name = "ios-minimal"
version = "0.1.0"
dependencies = [
 "ios-runtime",
 "objc2",
 "objc2-core-foundation",
 "objc2-foundation",
 "objc2-ui-kit",
]

[[package]]
name = "ios-modelio-status"
version = "0.1.0"
dependencies = [
 "objc2-foundation",
 "objc2-model-io",
]

[[package]]
name = "ios-motion"
version = "0.1.0"
dependencies = [
 "block2",
 "framework-core",
 "framework-motion",
 "objc2",
 "objc2-core-motion",
 "objc2-foundation",
]

[[package]]
name = "ios-mps-status"
version = "0.1.0"
dependencies = [
 "objc2-metal-performance-shaders",
]

[[package]]
name = "ios-native-build-support"
version = "0.1.0"

[[package]]
name = "ios-natural-language-status"
version = "0.1.0"
dependencies = [
 "objc2",
 "objc2-natural-language",
]

[[package]]
name = "ios-nearby"
version = "0.1.0"
dependencies = [
 "framework-nearby",
 "objc2-nearby-interaction",
]

[[package]]
name = "ios-network"
version = "0.1.0"
dependencies = [
 "block2",
 "framework-core",
 "framework-network",
 "objc2",
 "objc2-foundation",
]

[[package]]
name = "ios-nfc"
version = "0.1.0"
dependencies = [
 "framework-nfc",
 "objc2-core-nfc",
]

[[package]]
name = "ios-notification-responses"
version = "0.1.0"
dependencies = [
 "block2",
 "framework-notifications",
 "objc2",
 "objc2-foundation",
 "objc2-user-notifications",
]

[[package]]
name = "ios-notifications"
version = "0.1.0"
dependencies = [
 "block2",
 "framework-core",
 "framework-notifications",
 "objc2",
 "objc2-foundation",
 "objc2-user-notifications",
]

[[package]]
name = "ios-photogrammetry-status"
version = "0.1.0"
dependencies = [
 "ios-native-build-support",
]

[[package]]
name = "ios-photos"
version = "0.1.0"
dependencies = [
 "block2",
 "framework-photos",
 "objc2-photos",
]

[[package]]
name = "ios-playback"
version = "0.1.0"
dependencies = [
 "framework-audio",
 "objc2",
 "objc2-av-foundation",
]

[[package]]
name = "ios-preferences"
version = "0.1.0"
dependencies = [
 "framework-core",
 "framework-preferences",
 "objc2",
 "objc2-foundation",
]

[[package]]
name = "ios-presentation"
version = "0.1.0"
dependencies = [
 "ios-runtime",
 "objc2",
 "objc2-foundation",
 "objc2-ui-kit",
]

[[package]]
name = "ios-proximity-reader"
version = "0.1.0"

[[package]]
name = "ios-replaykit"
version = "0.1.0"
dependencies = [
 "framework-media",
 "objc2",
 "objc2-replay-kit",
]

[[package]]
name = "ios-resources"
version = "0.1.0"
dependencies = [
 "framework-core",
 "framework-resources",
 "objc2",
 "objc2-foundation",
]

[[package]]
name = "ios-roomplan"
version = "0.1.0"
dependencies = [
 "framework-roomplan",
]

[[package]]
name = "ios-runtime"
version = "0.1.0"
dependencies = [
 "objc2",
]

[[package]]
name = "ios-safari"
version = "0.1.0"
dependencies = [
 "framework-format",
 "ios-runtime",
 "objc2",
 "objc2-foundation",
 "objc2-ui-kit",
]

[[package]]
name = "ios-safety"
version = "0.1.0"
dependencies = [
 "objc2",
 "objc2-safety-kit",
]

[[package]]
name = "ios-secure-storage"
version = "0.1.0"
dependencies = [
 "framework-core",
 "framework-secure-storage",
 "objc2-core-foundation",
 "objc2-security",
]

[[package]]
name = "ios-shared-with-you-support"
version = "0.1.0"
dependencies = [
 "objc2",
 "objc2-shared-with-you",
]

[[package]]
name = "ios-sharing"
version = "0.1.0"
dependencies = [
 "block2",
 "dispatch2",
 "framework-core",
 "framework-sharing",
 "ios-runtime",
 "objc2",
 "objc2-core-foundation",
 "objc2-foundation",
 "objc2-ui-kit",
]

[[package]]
name = "ios-sign-in-with-apple-status"
version = "0.1.0"
dependencies = [
 "block2",
 "objc2",
 "objc2-authentication-services",
 "objc2-foundation",
]

[[package]]
name = "ios-sound-analysis"
version = "0.1.0"
dependencies = [
 "framework-media",
 "objc2",
 "objc2-sound-analysis",
]

[[package]]
name = "ios-speech-status"
version = "0.1.0"
dependencies = [
 "objc2",
 "objc2-speech",
]

[[package]]
name = "ios-spritekit"
version = "0.1.0"
dependencies = [
 "framework-core",
 "framework-spritekit",
 "ios-runtime",
 "objc2",
 "objc2-core-foundation",
 "objc2-ui-kit",
]

[[package]]
name = "ios-storekit-status"
version = "0.1.0"
dependencies = [
 "objc2",
 "objc2-store-kit",
]

[[package]]
name = "ios-storekit2-status"
version = "0.1.0"
dependencies = [
 "cc",
]

[[package]]
name = "ios-system-services"
version = "0.1.0"
dependencies = [
 "objc2-class-kit",
 "objc2-foundation",
]

[[package]]
name = "ios-thread-network"
version = "0.1.0"
dependencies = [
 "block2",
 "objc2",
 "objc2-thread-network",
]

[[package]]
name = "ios-transfer"
version = "0.1.0"
dependencies = [
 "block2",
 "dispatch2",
 "framework-core",
 "framework-files",
 "framework-network",
 "framework-transfer",
 "ios-files",
 "objc2",
 "objc2-foundation",
]

[[package]]
name = "ios-ui"
version = "0.1.0"
dependencies = [
 "framework-core",
 "framework-ui",
 "ios-runtime",
 "objc2",
 "objc2-core-foundation",
 "objc2-foundation",
 "objc2-ui-kit",
]

[[package]]
name = "ios-url"
version = "0.1.0"
dependencies = [
 "framework-format",
 "objc2",
 "objc2-foundation",
]

[[package]]
name = "ios-vision"
version = "0.1.0"
dependencies = [
 "framework-vision",
 "objc2",
 "objc2-foundation",
 "objc2-vision",
]

[[package]]
name = "ios-vpn"
version = "0.1.0"
dependencies = [
 "block2",
 "framework-vpn",
 "ios-runtime",
 "objc2",
 "objc2-foundation",
 "objc2-network-extension",
]

[[package]]
name = "ios-watch-connectivity"
version = "0.1.0"
dependencies = [
 "framework-watch-connectivity",
 "objc2-watch-connectivity",
]

[[package]]
name = "ios-web"
version = "0.1.0"
dependencies = [
 "block2",
 "framework-core",
 "framework-web",
 "ios-runtime",
 "objc2",
 "objc2-core-foundation",
 "objc2-foundation",
 "objc2-ui-kit",
 "objc2-web-kit",
]

[[package]]
name = "ios-widgetkit-reload"
version = "0.1.0"
dependencies = [
 "swift-abi-core",
]

[[package]]
name = "iri-string"
version = "0.7.14"
source = "registry+https://github.com/rust-lang/crates.io-index"
checksum = "1663ee7d8cf2900cc1414b1e1eec9f348d6eaa3bcab07579f4726a4b8499f447"

[[package]]
name = "libc"
version = "0.2.190"
source = "registry+https://github.com/rust-lang/crates.io-index"
checksum = "ce5d3ddc6d3fa000eb1536d85e147bfe31aacaba692ed6a876f95cb7c855be78"

[[package]]
name = "objc2"
version = "0.6.5"
source = "registry+https://github.com/rust-lang/crates.io-index"
checksum = "08849bbd4767dfae9457696856ae1c84fe4e0281bbe4a7abff2d0e06fb7981f8"
dependencies = [
 "objc2-encode",
]

[[package]]
name = "objc2-accessory-setup-kit"
version = "0.3.2"
source = "registry+https://github.com/rust-lang/crates.io-index"
checksum = "e9e04b662618122041300fd9424eeaa170d658c7346799266b24a4fb0a4f685c"
dependencies = [
 "bitflags",
 "block2",
 "dispatch2",
 "objc2",
 "objc2-foundation",
]

[[package]]
name = "objc2-app-kit"
version = "0.3.2"
source = "registry+https://github.com/rust-lang/crates.io-index"
checksum = "d49e936b501e5c5bf01fda3a9452ff86dc3ea98ad5f283e1455153142d97518c"
dependencies = [
 "objc2",
 "objc2-foundation",
]

[[package]]
name = "objc2-app-tracking-transparency"
version = "0.3.2"
source = "registry+https://github.com/rust-lang/crates.io-index"
checksum = "b55589143fc9b8a3838d7bca7250d60c4b5830e8d80fc44e1f3dfd23c0cbdb4a"
dependencies = [
 "objc2",
]

[[package]]
name = "objc2-ar-kit"
version = "0.3.2"
source = "registry+https://github.com/rust-lang/crates.io-index"
checksum = "7424230e0960df068d79aa5e0e14dd59e1ab863851913aa390153ad76f38b445"
dependencies = [
 "bitflags",
 "dispatch2",
 "objc2",
 "objc2-core-foundation",
 "objc2-core-graphics",
 "objc2-core-media",
 "objc2-core-video",
 "objc2-image-io",
]

[[package]]
name = "objc2-authentication-services"
version = "0.3.2"
source = "registry+https://github.com/rust-lang/crates.io-index"
checksum = "ee6d6f7dab884a28adaec1012eb3889257a49cc145724e35f93ece2d209f8b25"
dependencies = [
 "block2",
 "objc2",
 "objc2-app-kit",
 "objc2-foundation",
]

[[package]]
name = "objc2-av-foundation"
version = "0.3.2"
source = "registry+https://github.com/rust-lang/crates.io-index"
checksum = "478ae33fcac9df0a18db8302387c666b8ef08a3e2d62b510ca4fc278a384b6c0"
dependencies = [
 "bitflags",
 "objc2",
 "objc2-foundation",
]

[[package]]
name = "objc2-avf-audio"
version = "0.3.2"
source = "registry+https://github.com/rust-lang/crates.io-index"
checksum = "13a380031deed8e99db00065c45937da434ca987c034e13b87e4441f9e4090be"
dependencies = [
 "objc2",
 "objc2-foundation",
]

[[package]]
name = "objc2-background-assets"
version = "0.3.2"
source = "registry+https://github.com/rust-lang/crates.io-index"
checksum = "db281c59a1c4cc24da38e39673ab758d3372162171db31abd1d29c250405a0e9"
dependencies = [
 "block2",
 "objc2",
 "objc2-foundation",
]

[[package]]
name = "objc2-background-tasks"
version = "0.3.2"
source = "registry+https://github.com/rust-lang/crates.io-index"
checksum = "0ddeb0eb84c1714d4f50e5dc29cca57628c12cc40445a099c0cf05f4ee538473"
dependencies = [
 "bitflags",
 "block2",
 "dispatch2",
 "objc2",
 "objc2-foundation",
]

[[package]]
name = "objc2-call-kit"
version = "0.3.2"
source = "registry+https://github.com/rust-lang/crates.io-index"
checksum = "4e33ab4dde42f7a6955a9ed8af82b9ff7d163b3791f5cf6288312742dc874403"
dependencies = [
 "objc2",
 "objc2-foundation",
]

[[package]]
name = "objc2-class-kit"
version = "0.3.2"
source = "registry+https://github.com/rust-lang/crates.io-index"
checksum = "489001780fa978539217a169aedd9c74dc9c1aabf58770d0592fe8d0736d1c25"
dependencies = [
 "objc2",
 "objc2-foundation",
]

[[package]]
name = "objc2-cloud-kit"
version = "0.3.2"
source = "registry+https://github.com/rust-lang/crates.io-index"
checksum = "73ad74d880bb43877038da939b7427bba67e9dd42004a18b809ba7d87cee241c"
dependencies = [
 "bitflags",
 "block2",
 "objc2",
 "objc2-foundation",
]

[[package]]
name = "objc2-contacts"
version = "0.3.2"
source = "registry+https://github.com/rust-lang/crates.io-index"
checksum = "b034b578389f89a85c055eacc8d8b368be5f04a6c1b07f672bf3aec21d0ef621"
dependencies = [
 "block2",
 "objc2",
 "objc2-foundation",
]

[[package]]
name = "objc2-core-audio"
version = "0.3.2"
source = "registry+https://github.com/rust-lang/crates.io-index"
checksum = "e1eebcea8b0dbff5f7c8504f3107c68fc061a3eb44932051c8cf8a68d969c3b2"
dependencies = [
 "dispatch2",
 "objc2",
 "objc2-core-audio-types",
 "objc2-core-foundation",
]

[[package]]
name = "objc2-core-audio-types"
version = "0.3.2"
source = "registry+https://github.com/rust-lang/crates.io-index"
checksum = "5a89f2ec274a0cf4a32642b2991e8b351a404d290da87bb6a9a9d8632490bd1c"
dependencies = [
 "bitflags",
 "objc2",
]

[[package]]
name = "objc2-core-bluetooth"
version = "0.3.2"
source = "registry+https://github.com/rust-lang/crates.io-index"
checksum = "79b30b9eacc37434a61377866f68b27acef9fa5496f25cc9ca8b2549032e0394"
dependencies = [
 "bitflags",
 "dispatch2",
 "objc2",
 "objc2-foundation",
]

[[package]]
name = "objc2-core-foundation"
version = "0.3.2"
source = "registry+https://github.com/rust-lang/crates.io-index"
checksum = "2a180dd8642fa45cdb7dd721cd4c11b1cadd4929ce112ebd8b9f5803cc79d536"
dependencies = [
 "bitflags",
 "dispatch2",
 "objc2",
]

[[package]]
name = "objc2-core-graphics"
version = "0.3.2"
source = "registry+https://github.com/rust-lang/crates.io-index"
checksum = "e022c9d066895efa1345f8e33e584b9f958da2fd4cd116792e15e07e4720a807"
dependencies = [
 "bitflags",
 "dispatch2",
 "objc2",
 "objc2-core-foundation",
 "objc2-io-surface",
]

[[package]]
name = "objc2-core-location"
version = "0.3.2"
source = "registry+https://github.com/rust-lang/crates.io-index"
checksum = "ca347214e24bc973fc025fd0d36ebb179ff30536ed1f80252706db19ee452009"
dependencies = [
 "objc2",
 "objc2-foundation",
]

[[package]]
name = "objc2-core-media"
version = "0.3.2"
source = "registry+https://github.com/rust-lang/crates.io-index"
checksum = "05ec576860167a15dd9fce7fbee7512beb4e31f532159d3482d1f9c6caedf31d"
dependencies = [
 "bitflags",
 "dispatch2",
 "objc2",
 "objc2-core-audio",
 "objc2-core-audio-types",
 "objc2-core-foundation",
 "objc2-core-video",
]

[[package]]
name = "objc2-core-ml"
version = "0.3.2"
source = "registry+https://github.com/rust-lang/crates.io-index"
checksum = "201b055e6acfa0f9f15568255d3f03ce2b54bc86d1814442dc69138e36813e18"
dependencies = [
 "objc2",
 "objc2-foundation",
]

[[package]]
name = "objc2-core-motion"
version = "0.3.2"
source = "registry+https://github.com/rust-lang/crates.io-index"
checksum = "dcf94da2dcaad7e727ad6a1ea2312293c776f0df8cbc87fde6654d100a24386a"
dependencies = [
 "block2",
 "objc2",
 "objc2-foundation",
]

[[package]]
name = "objc2-core-nfc"
version = "0.3.2"
source = "registry+https://github.com/rust-lang/crates.io-index"
checksum = "758693d59bdcb001f1dc43de1137934471709869206c6b0cfe4d238a47d9cc30"
dependencies = [
 "bitflags",
 "objc2",
 "objc2-foundation",
]

[[package]]
name = "objc2-core-video"
version = "0.3.2"
source = "registry+https://github.com/rust-lang/crates.io-index"
checksum = "d425caf1df73233f29fd8a5c3e5edbc30d2d4307870f802d18f00d83dc5141a6"
dependencies = [
 "bitflags",
 "objc2",
 "objc2-core-foundation",
 "objc2-core-graphics",
 "objc2-io-surface",
]

[[package]]
name = "objc2-device-check"
version = "0.3.2"
source = "registry+https://github.com/rust-lang/crates.io-index"
checksum = "ac508663f8dc531bc227c1e5bc75d8d847b5f1850baee828fd263b8ff353176d"
dependencies = [
 "objc2",
 "objc2-foundation",
]

[[package]]
name = "objc2-encode"
version = "4.1.0"
source = "registry+https://github.com/rust-lang/crates.io-index"
checksum = "ef25abbcd74fb2609453eb695bd2f860d389e457f67dc17cafc8b8cbc89d0c33"

[[package]]
name = "objc2-event-kit"
version = "0.3.2"
source = "registry+https://github.com/rust-lang/crates.io-index"
checksum = "51bc9ad7325642172110196bacd6af64027ec5549ded7fc6589ea03e0f792bf8"
dependencies = [
 "bitflags",
 "block2",
 "objc2",
 "objc2-foundation",
]

[[package]]
name = "objc2-external-accessory"
version = "0.3.2"
source = "registry+https://github.com/rust-lang/crates.io-index"
checksum = "019a96800caf2f27fdced973f94d5da039cc636cf80f9890822803f89e5bc86c"
dependencies = [
 "objc2",
 "objc2-foundation",
]

[[package]]
name = "objc2-file-provider"
version = "0.3.2"
source = "registry+https://github.com/rust-lang/crates.io-index"
checksum = "9e75524f6dcc079d5722a85797b2d29079ebecb0b88352f0ecb18011f7d84655"
dependencies = [
 "bitflags",
 "block2",
 "objc2",
 "objc2-foundation",
]

[[package]]
name = "objc2-foundation"
version = "0.3.2"
source = "registry+https://github.com/rust-lang/crates.io-index"
checksum = "e3e0adef53c21f888deb4fa59fc59f7eb17404926ee8a6f59f5df0fd7f9f3272"
dependencies = [
 "bitflags",
 "block2",
 "objc2",
]

[[package]]
name = "objc2-game-kit"
version = "0.3.2"
source = "registry+https://github.com/rust-lang/crates.io-index"
checksum = "775acb0447622b6910bd809ae3d6b84e4b718fa13d5ea0d2a42bdf76bf03d6e9"
dependencies = [
 "objc2",
 "objc2-foundation",
]

[[package]]
name = "objc2-health-kit"
version = "0.3.2"
source = "registry+https://github.com/rust-lang/crates.io-index"
checksum = "041e206d91990fa08bb987e10eaac19c300399cfbf06be6da93345edd323a029"
dependencies = [
 "block2",
 "objc2",
 "objc2-foundation",
]

[[package]]
name = "objc2-home-kit"
version = "0.3.2"
source = "registry+https://github.com/rust-lang/crates.io-index"
checksum = "205a358c80d7eed98606da64110a3c081a96724b498ad26634883d18a001945c"
dependencies = [
 "objc2",
 "objc2-foundation",
]

[[package]]
name = "objc2-image-io"
version = "0.3.2"
source = "registry+https://github.com/rust-lang/crates.io-index"
checksum = "32b0446e98cf4a784cc7a0177715ff317eeaa8463841c616cfc78aa4f953c4ea"
dependencies = [
 "objc2",
 "objc2-core-foundation",
 "objc2-core-graphics",
]

[[package]]
name = "objc2-io-surface"
version = "0.3.2"
source = "registry+https://github.com/rust-lang/crates.io-index"
checksum = "180788110936d59bab6bd83b6060ffdfffb3b922ba1396b312ae795e1de9d81d"
dependencies = [
 "bitflags",
 "objc2",
 "objc2-core-foundation",
]

[[package]]
name = "objc2-local-authentication"
version = "0.3.2"
source = "registry+https://github.com/rust-lang/crates.io-index"
checksum = "e48e0b8b339e0d9d2ed4416b7f93f9d4daadff7d4dd797f89867cde11aeac607"
dependencies = [
 "block2",
 "objc2",
 "objc2-foundation",
]

[[package]]
name = "objc2-map-kit"
version = "0.3.2"
source = "registry+https://github.com/rust-lang/crates.io-index"
checksum = "579edede1c244621cd8229b70ea6e20e6ec3bab5a74afdfd494b446b681e1e64"
dependencies = [
 "objc2",
 "objc2-core-location",
 "objc2-foundation",
]

[[package]]
name = "objc2-media-player"
version = "0.3.2"
source = "registry+https://github.com/rust-lang/crates.io-index"
checksum = "85f2a98483f6e76313cb85a5a185eaa3cda86a177b13a8852d56cbd0085bf635"
dependencies = [
 "objc2",
 "objc2-foundation",
]

[[package]]
name = "objc2-message-ui"
version = "0.3.2"
source = "registry+https://github.com/rust-lang/crates.io-index"
checksum = "f88a43041692ea11bce35d953a42af8f7d5374634365a894514490131f0aa229"
dependencies = [
 "objc2",
 "objc2-foundation",
 "objc2-ui-kit",
]

[[package]]
name = "objc2-metal"
version = "0.3.2"
source = "registry+https://github.com/rust-lang/crates.io-index"
checksum = "a0125f776a10d00af4152d74616409f0d4a2053a6f57fa5b7d6aa2854ac04794"
dependencies = [
 "bitflags",
 "objc2",
 "objc2-foundation",
]

[[package]]
name = "objc2-metal-performance-shaders"
version = "0.3.2"
source = "registry+https://github.com/rust-lang/crates.io-index"
checksum = "46a10f15ff4e2045f947ffca8a17fc351b155c321de16f04278a008a1f446784"
dependencies = [
 "bitflags",
 "objc2",
 "objc2-foundation",
 "objc2-metal",
]

[[package]]
name = "objc2-model-io"
version = "0.3.2"
source = "registry+https://github.com/rust-lang/crates.io-index"
checksum = "4b66ef3f1d5bb19a6ef84be8626f0424ad5c1caddd8ed7ac742cbafc1a879aee"
dependencies = [
 "objc2",
 "objc2-foundation",
]

[[package]]
name = "objc2-natural-language"
version = "0.3.2"
source = "registry+https://github.com/rust-lang/crates.io-index"
checksum = "43f3395c4eda23486f1ca42da8256021a99cf94ebe3cf189bfafeb7e197f8a6d"
dependencies = [
 "objc2",
 "objc2-foundation",
]

[[package]]
name = "objc2-nearby-interaction"
version = "0.3.2"
source = "registry+https://github.com/rust-lang/crates.io-index"
checksum = "e39cea7897dd9d78382d6a1e1f0b4417501c5ae47efc3009adf1195c45e719e8"
dependencies = [
 "objc2",
 "objc2-foundation",
]

[[package]]
name = "objc2-network-extension"
version = "0.3.2"
source = "registry+https://github.com/rust-lang/crates.io-index"
checksum = "9126ecdaea052ce2a6b7a894303d0806368b92c77165052da1c3eb52d9e5f9b1"
dependencies = [
 "block2",
 "objc2",
 "objc2-foundation",
]

[[package]]
name = "objc2-pass-kit"
version = "0.3.2"
source = "registry+https://github.com/rust-lang/crates.io-index"
checksum = "4be61ab7959d11b7998003685d1bf771930a7622216393967ef065a050611d62"
dependencies = [
 "objc2",
 "objc2-foundation",
]

[[package]]
name = "objc2-photos"
version = "0.3.2"
source = "registry+https://github.com/rust-lang/crates.io-index"
checksum = "d6ea9a706f18e32cf8a0723e99855af4f135282891e07259301bae9135ae3872"
dependencies = [
 "block2",
 "objc2",
 "objc2-foundation",
]

[[package]]
name = "objc2-replay-kit"
version = "0.3.2"
source = "registry+https://github.com/rust-lang/crates.io-index"
checksum = "fa486b6d0bb488bfac2bf6a84ebb1d0de1552c95e8f691fc68f04c98dbd8a25b"
dependencies = [
 "objc2",
 "objc2-foundation",
]

[[package]]
name = "objc2-safety-kit"
version = "0.3.2"
source = "registry+https://github.com/rust-lang/crates.io-index"
checksum = "dfd97e50770cbb64f80a90235c34bc67126d45a1eab684960fc6fa5f51b974ee"
dependencies = [
 "objc2",
 "objc2-foundation",
]

[[package]]
name = "objc2-security"
version = "0.3.2"
source = "registry+https://github.com/rust-lang/crates.io-index"
checksum = "709fe137109bd1e8b5a99390f77a7d8b2961dafc1a1c5db8f2e60329ad6d895a"
dependencies = [
 "bitflags",
 "objc2-core-foundation",
]

[[package]]
name = "objc2-shared-with-you"
version = "0.3.2"
source = "registry+https://github.com/rust-lang/crates.io-index"
checksum = "3f4aa90f3b77a279f3cc78d7600d8c411bdf75ab0a882fc7912b989024dfbab5"
dependencies = [
 "objc2",
 "objc2-foundation",
]

[[package]]
name = "objc2-sound-analysis"
version = "0.3.2"
source = "registry+https://github.com/rust-lang/crates.io-index"
checksum = "559a92de909f247233dc155863acfd5cad7b48b8c827729535a294abf9b74d31"
dependencies = [
 "objc2",
 "objc2-foundation",
]

[[package]]
name = "objc2-speech"
version = "0.3.2"
source = "registry+https://github.com/rust-lang/crates.io-index"
checksum = "f9eb609f9d2a25e0f8b76954f3acaa58348ce2a91285fe867643b2224ac4d263"
dependencies = [
 "objc2",
 "objc2-foundation",
]

[[package]]
name = "objc2-store-kit"
version = "0.3.2"
source = "registry+https://github.com/rust-lang/crates.io-index"
checksum = "29a1cef520f802b637e2cca72d7dfd2f17cfff947fb5f802dd2d8c68e6c63072"
dependencies = [
 "objc2",
 "objc2-foundation",
]

[[package]]
name = "objc2-thread-network"
version = "0.3.2"
source = "registry+https://github.com/rust-lang/crates.io-index"
checksum = "825ebd4c8cb13b35bf302668b0238aa05515133179b3478a18db2a406632c1c6"
dependencies = [
 "block2",
 "objc2",
 "objc2-foundation",
]

[[package]]
name = "objc2-ui-kit"
version = "0.3.2"
source = "registry+https://github.com/rust-lang/crates.io-index"
checksum = "d87d638e33c06f577498cbcc50491496a3ed4246998a7fbba7ccb98b1e7eab22"
dependencies = [
 "bitflags",
 "block2",
 "objc2",
 "objc2-core-foundation",
 "objc2-foundation",
]

[[package]]
name = "objc2-user-notifications"
version = "0.3.2"
source = "registry+https://github.com/rust-lang/crates.io-index"
checksum = "9df9128cbbfef73cda168416ccf7f837b62737d748333bfe9ab71c245d76613e"
dependencies = [
 "bitflags",
 "block2",
 "objc2",
 "objc2-foundation",
]

[[package]]
name = "objc2-video-toolbox"
version = "0.3.2"
source = "registry+https://github.com/rust-lang/crates.io-index"
checksum = "05bf9a3c14831a7d9641b0d81d87dd913ee238a012b2fde27db5a84b56f5df3e"
dependencies = [
 "objc2-core-foundation",
 "objc2-core-media",
]

[[package]]
name = "objc2-vision"
version = "0.3.2"
source = "registry+https://github.com/rust-lang/crates.io-index"
checksum = "bfc194758a2d5d7540b1ad283bfb9ca318ec608991892326e95b428230b2689b"
dependencies = [
 "objc2",
 "objc2-foundation",
]

[[package]]
name = "objc2-watch-connectivity"
version = "0.3.2"
source = "registry+https://github.com/rust-lang/crates.io-index"
checksum = "5bc24c0e4c2b4015f1d376c4d22da5de0e9268551625247accacf6651088e58e"
dependencies = [
 "objc2",
 "objc2-foundation",
]

[[package]]
name = "objc2-web-kit"
version = "0.3.2"
source = "registry+https://github.com/rust-lang/crates.io-index"
checksum = "b2e5aaab980c433cf470df9d7af96a7b46a9d892d521a2cbbb2f8a4c16751e7f"
dependencies = [
 "bitflags",
 "objc2",
 "objc2-foundation",
]

[[package]]
name = "parity-harness"
version = "0.1.0"

[[package]]
name = "shlex"
version = "2.0.1"
source = "registry+https://github.com/rust-lang/crates.io-index"
checksum = "f8fadd59c855ef2080decdef8ff161eb6661b86933c9d82e5ba29dc602a55aba"

[[package]]
name = "swift-abi-core"
version = "0.1.0"
dependencies = [
 "swift-abi-generated",
]

[[package]]
name = "swift-abi-generated"
version = "0.1.0"

[[package]]
name = "xtask"
version = "0.1.0"
