# This file is automatically @generated by Cargo.
# It is not intended for manual editing.
version = 4

[[package]]
name = "bench-harness"
version = "0.1.0"

[[package]]
name = "bitflags"
version = "2.13.2"
source = "registry+https://github.com/rust-lang/crates.io-index"
checksum = "3ded4057c258ba199e2d26386d3af3780957ecaee6c4ef4041c6b4b8b97c0b06"

[[package]]
name = "dispatch2"
version = "0.3.1"
source = "registry+https://github.com/rust-lang/crates.io-index"
checksum = "1e0e367e4e7da84520dedcac1901e4da967309406d1e51017ae1abfb97adbd38"
dependencies = [
 "bitflags",
 "objc2",
]

[[package]]
name = "framework-abi"
version = "0.1.0"
dependencies = [
 "framework-core",
]

[[package]]
name = "framework-alloc"
version = "0.1.0"
dependencies = [
 "framework-core",
]

[[package]]
name = "framework-app"
version = "0.1.0"
dependencies = [
 "framework-core",
]

[[package]]
name = "framework-async"
version = "0.1.0"
dependencies = [
 "framework-core",
]

[[package]]
name = "framework-c-api"
version = "0.1.0"
dependencies = [
 "framework-abi",
]

[[package]]
name = "framework-core"
version = "0.1.0"

[[package]]
name = "framework-files"
version = "0.1.0"
dependencies = [
 "framework-core",
]

[[package]]
name = "framework-network"
version = "0.1.0"
dependencies = [
 "framework-core",
]

[[package]]
name = "framework-platform"
version = "0.1.0"
dependencies = [
 "framework-core",
]

[[package]]
name = "framework-preferences"
version = "0.1.0"
dependencies = [
 "framework-core",
]

[[package]]
name = "framework-secure-storage"
version = "0.1.0"
dependencies = [
 "framework-core",
]

[[package]]
name = "ios-files"
version = "0.1.0"
dependencies = [
 "framework-core",
 "framework-files",
 "libc",
 "objc2",
 "objc2-foundation",
]

[[package]]
name = "ios-minimal"
version = "0.1.0"
dependencies = [
 "ios-runtime",
 "objc2",
 "objc2-core-foundation",
 "objc2-foundation",
 "objc2-ui-kit",
]

[[package]]
name = "ios-preferences"
version = "0.1.0"
dependencies = [
 "framework-core",
 "framework-preferences",
 "objc2",
 "objc2-foundation",
]

[[package]]
name = "ios-runtime"
version = "0.1.0"
dependencies = [
 "objc2",
]

[[package]]
name = "ios-secure-storage"
version = "0.1.0"
dependencies = [
 "framework-core",
 "framework-secure-storage",
 "objc2-core-foundation",
 "objc2-security",
]

[[package]]
name = "libc"
version = "0.2.190"
source = "registry+https://github.com/rust-lang/crates.io-index"
checksum = "ce5d3ddc6d3fa000eb1536d85e147bfe31aacaba692ed6a876f95cb7c855be78"

[[package]]
name = "objc2"
version = "0.6.5"
source = "registry+https://github.com/rust-lang/crates.io-index"
checksum = "08849bbd4767dfae9457696856ae1c84fe4e0281bbe4a7abff2d0e06fb7981f8"
dependencies = [
 "objc2-encode",
]

[[package]]
name = "objc2-core-foundation"
version = "0.3.2"
source = "registry+https://github.com/rust-lang/crates.io-index"
checksum = "2a180dd8642fa45cdb7dd721cd4c11b1cadd4929ce112ebd8b9f5803cc79d536"
dependencies = [
 "bitflags",
 "dispatch2",
 "objc2",
]

[[package]]
name = "objc2-encode"
version = "4.1.0"
source = "registry+https://github.com/rust-lang/crates.io-index"
checksum = "ef25abbcd74fb2609453eb695bd2f860d389e457f67dc17cafc8b8cbc89d0c33"

[[package]]
name = "objc2-foundation"
version = "0.3.2"
source = "registry+https://github.com/rust-lang/crates.io-index"
checksum = "e3e0adef53c21f888deb4fa59fc59f7eb17404926ee8a6f59f5df0fd7f9f3272"
dependencies = [
 "bitflags",
 "objc2",
]

[[package]]
name = "objc2-security"
version = "0.3.2"
source = "registry+https://github.com/rust-lang/crates.io-index"
checksum = "709fe137109bd1e8b5a99390f77a7d8b2961dafc1a1c5db8f2e60329ad6d895a"
dependencies = [
 "objc2-core-foundation",
]

[[package]]
name = "objc2-ui-kit"
version = "0.3.2"
source = "registry+https://github.com/rust-lang/crates.io-index"
checksum = "d87d638e33c06f577498cbcc50491496a3ed4246998a7fbba7ccb98b1e7eab22"
dependencies = [
 "bitflags",
 "objc2",
 "objc2-core-foundation",
 "objc2-foundation",
]

[[package]]
name = "parity-harness"
version = "0.1.0"

[[package]]
name = "swift-abi-core"
version = "0.1.0"
dependencies = [
 "swift-abi-generated",
]

[[package]]
name = "swift-abi-generated"
version = "0.1.0"

[[package]]
name = "xtask"
version = "0.1.0"
