# This file is automatically @generated by Cargo.
# It is not intended for manual editing.
version = 4

[[package]]
name = "framework-abi"
version = "0.1.0"
dependencies = [
 "framework-core",
]

[[package]]
name = "framework-alloc"
version = "0.1.0"
dependencies = [
 "framework-core",
]

[[package]]
name = "framework-async"
version = "0.1.0"
dependencies = [
 "framework-core",
]

[[package]]
name = "framework-core"
version = "0.1.0"

[[package]]
name = "framework-platform"
version = "0.1.0"
dependencies = [
 "framework-core",
]
